
Microsoft Visual Studio Solution File, Format Version 12.00
Project("{FAE04EC0-301F-11D3-BF4B-00C04F79EFBC}") = "StreamAnalyzer", "StreamAnalyzer\StreamAnalyzer.csproj", "{9FFF4912-3AA0-4692-89B7-29DC11B4E944}"
EndProject
Global
	GlobalSection(SolutionConfigurationPlatforms) = preSolution
		Debug|Any CPU = Debug|Any CPU
		Release|Any CPU = Release|Any CPU
	EndGlobalSection
	GlobalSection(ProjectConfigurationPlatforms) = postSolution
		{9FFF4912-3AA0-4692-89B7-29DC11B4E944}.Debug|Any CPU.ActiveCfg = Debug|Any CPU
		{9FFF4912-3AA0-4692-89B7-29DC11B4E944}.Debug|Any CPU.Build.0 = Debug|Any CPU
		{9FFF4912-3AA0-4692-89B7-29DC11B4E944}.Release|Any CPU.ActiveCfg = Release|Any CPU
		{9FFF4912-3AA0-4692-89B7-29DC11B4E944}.Release|Any CPU.Build.0 = Release|Any CPU
	EndGlobalSection
EndGlobal
